{
  "name": "@terra-money/log-finder-ruleset",
  "version": "1.0.7",
  "lockfileVersion": 2,
  "requires": true,
  "packages": {
    "": {
      "name": "@terra-money/log-finder-ruleset",
      "version": "1.0.7",
      "license": "MIT",
      "dependencies": {
        "@terra-money/log-finder": "^1.1.6"
      },
      "devDependencies": {
        "@types/node": "^17.0.8"
      }
    },
    "node_modules/@terra-money/log-finder": {
      "version": "1.1.6",
      "resolved": "https://registry.npmjs.org/@terra-money/log-finder/-/log-finder-1.1.6.tgz",
      "integrity": "sha512-QYmkhlCu14foyy2szZfDjQnncoXvIUHMUsrxdW7Fcq1UOM7ecmeQC35eX5JXeX3tRiPVjFaukbNoIwFYFGTJWg=="
    },
    "node_modules/@types/node": {
      "version": "17.0.8",
      "resolved": "https://registry.npmjs.org/@types/node/-/node-17.0.8.tgz",
      "integrity": "sha512-YofkM6fGv4gDJq78g4j0mMuGMkZVxZDgtU0JRdx6FgiJDG+0fY0GKVolOV8WqVmEhLCXkQRjwDdKyPxJp/uucg==",
      "dev": true
    }
  },
  "dependencies": {
    "@terra-money/log-finder": {
      "version": "1.1.6",
      "resolved": "https://registry.npmjs.org/@terra-money/log-finder/-/log-finder-1.1.6.tgz",
      "integrity": "sha512-QYmkhlCu14foyy2szZfDjQnncoXvIUHMUsrxdW7Fcq1UOM7ecmeQC35eX5JXeX3tRiPVjFaukbNoIwFYFGTJWg=="
    },
    "@types/node": {
      "version": "17.0.8",
      "resolved": "https://registry.npmjs.org/@types/node/-/node-17.0.8.tgz",
      "integrity": "sha512-YofkM6fGv4gDJq78g4j0mMuGMkZVxZDgtU0JRdx6FgiJDG+0fY0GKVolOV8WqVmEhLCXkQRjwDdKyPxJp/uucg==",
      "dev": true
    }
  }
}
